
Microsoft Visual Studio Solution File, Format Version 12.00
# Visual Studio Version 16
VisualStudioVersion = 16.0.30611.23
MinimumVisualStudioVersion = 10.0.40219.1
Project("{9A19103F-16F7-4668-BE54-9A1E7A4F7556}") = "BeerliftDashboard", "BeerliftDashboard.csproj", "{78D2D73B-47AA-49E8-9EB1-5B1DBCCF34AA}"
EndProject
Global
	GlobalSection(SolutionConfigurationPlatforms) = preSolution
		Debug|Any CPU = Debug|Any CPU
		Release|Any CPU = Release|Any CPU
	EndGlobalSection
	GlobalSection(ProjectConfigurationPlatforms) = postSolution
		{78D2D73B-47AA-49E8-9EB1-5B1DBCCF34AA}.Debug|Any CPU.ActiveCfg = Debug|Any CPU
		{78D2D73B-47AA-49E8-9EB1-5B1DBCCF34AA}.Debug|Any CPU.Build.0 = Debug|Any CPU
		{78D2D73B-47AA-49E8-9EB1-5B1DBCCF34AA}.Release|Any CPU.ActiveCfg = Release|Any CPU
		{78D2D73B-47AA-49E8-9EB1-5B1DBCCF34AA}.Release|Any CPU.Build.0 = Release|Any CPU
	EndGlobalSection
	GlobalSection(SolutionProperties) = preSolution
		HideSolutionNode = FALSE
	EndGlobalSection
	GlobalSection(ExtensibilityGlobals) = postSolution
		SolutionGuid = {BC9756B6-D17D-4ACE-B42D-794E17ED39ED}
	EndGlobalSection
EndGlobal
